// !$*UTF8*$!
{
	archiveVersion = 1;
	classes = {
	};
	objectVersion = 50;
	objects = {

/* Begin PBXBuildFile section */
		4B145B2624A113ED00A00F63 /* TaskElement.swift in Sources */ = {isa = PBXBuildFile; fileRef = 4B145B2524A113ED00A00F63 /* TaskElement.swift */; };
		4B6D09BC24A2569F00340783 /* ItemDisplayViewController.swift in Sources */ = {isa = PBXBuildFile; fileRef = 4B6D09BB24A2569F00340783 /* ItemDisplayViewController.swift */; };
		4B6D09BE24A445A900340783 /* TaskHandler.swift in Sources */ = {isa = PBXBuildFile; fileRef = 4B6D09BD24A445A900340783 /* TaskHandler.swift */; };
		4B70110C244784B400A73354 /* AppDelegate.swift in Sources */ = {isa = PBXBuildFile; fileRef = 4B70110B244784B400A73354 /* AppDelegate.swift */; };
		4B70110E244784B400A73354 /* SceneDelegate.swift in Sources */ = {isa = PBXBuildFile; fileRef = 4B70110D244784B400A73354 /* SceneDelegate.swift */; };
		4B701110244784B400A73354 /* AgendaViewController.swift in Sources */ = {isa = PBXBuildFile; fileRef = 4B70110F244784B400A73354 /* AgendaViewController.swift */; };
		4B701116244784B400A73354 /* TomatoTimer2.xcdatamodeld in Sources */ = {isa = PBXBuildFile; fileRef = 4B701114244784B400A73354 /* TomatoTimer2.xcdatamodeld */; };
		4B701118244784B500A73354 /* Assets.xcassets in Resources */ = {isa = PBXBuildFile; fileRef = 4B701117244784B500A73354 /* Assets.xcassets */; };
		4B70111B244784B500A73354 /* LaunchScreen.storyboard in Resources */ = {isa = PBXBuildFile; fileRef = 4B701119244784B500A73354 /* LaunchScreen.storyboard */; };
		4B701126244784B500A73354 /* TomatoTimer2Tests.swift in Sources */ = {isa = PBXBuildFile; fileRef = 4B701125244784B500A73354 /* TomatoTimer2Tests.swift */; };
		4B701131244784B500A73354 /* TomatoTimer2UITests.swift in Sources */ = {isa = PBXBuildFile; fileRef = 4B701130244784B500A73354 /* TomatoTimer2UITests.swift */; };
		4B70113F2447977700A73354 /* Main.storyboard in Resources */ = {isa = PBXBuildFile; fileRef = 4B70113E2447977700A73354 /* Main.storyboard */; };
		4B7011432447ADE500A73354 /* TomatoCell.swift in Sources */ = {isa = PBXBuildFile; fileRef = 4B7011422447ADE500A73354 /* TomatoCell.swift */; };
		4B7011452447AE5300A73354 /* Tomato.swift in Sources */ = {isa = PBXBuildFile; fileRef = 4B7011442447AE5300A73354 /* Tomato.swift */; };
		4B856AA72475A3D900E4DC40 /* TomatoDesignerViewController.swift in Sources */ = {isa = PBXBuildFile; fileRef = 4B856AA62475A3D900E4DC40 /* TomatoDesignerViewController.swift */; };
		4BA23411249D16F200A2EECE /* CloudKit.framework in Frameworks */ = {isa = PBXBuildFile; fileRef = 4BA23410249D16F200A2EECE /* CloudKit.framework */; };
		4BA6D1BA24786D030071648E /* TomatoSelectViewController.swift in Sources */ = {isa = PBXBuildFile; fileRef = 4BA6D1B924786D030071648E /* TomatoSelectViewController.swift */; };
		4BFD8F5E2486F03000C38DBE /* AgendaDesignerViewController.swift in Sources */ = {isa = PBXBuildFile; fileRef = 4BFD8F5D2486F03000C38DBE /* AgendaDesignerViewController.swift */; };
/* End PBXBuildFile section */

/* Begin PBXContainerItemProxy section */
		4B701122244784B500A73354 /* PBXContainerItemProxy */ = {
			isa = PBXContainerItemProxy;
			containerPortal = 4B701100244784B400A73354 /* Project object */;
			proxyType = 1;
			remoteGlobalIDString = 4B701107244784B400A73354;
			remoteInfo = TomatoTimer2;
		};
		4B70112D244784B500A73354 /* PBXContainerItemProxy */ = {
			isa = PBXContainerItemProxy;
			containerPortal = 4B701100244784B400A73354 /* Project object */;
			proxyType = 1;
			remoteGlobalIDString = 4B701107244784B400A73354;
			remoteInfo = TomatoTimer2;
		};
/* End PBXContainerItemProxy section */

/* Begin PBXFileReference section */
		4B145B2524A113ED00A00F63 /* TaskElement.swift */ = {isa = PBXFileReference; lastKnownFileType = sourcecode.swift; path = TaskElement.swift; sourceTree = "<group>"; };
		4B6D09BB24A2569F00340783 /* ItemDisplayViewController.swift */ = {isa = PBXFileReference; lastKnownFileType = sourcecode.swift; path = ItemDisplayViewController.swift; sourceTree = "<group>"; };
		4B6D09BD24A445A900340783 /* TaskHandler.swift */ = {isa = PBXFileReference; lastKnownFileType = sourcecode.swift; path = TaskHandler.swift; sourceTree = "<group>"; };
		4B701108244784B400A73354 /* TomatoTimer2.app */ = {isa = PBXFileReference; explicitFileType = wrapper.application; includeInIndex = 0; path = TomatoTimer2.app; sourceTree = BUILT_PRODUCTS_DIR; };
		4B70110B244784B400A73354 /* AppDelegate.swift */ = {isa = PBXFileReference; lastKnownFileType = sourcecode.swift; path = AppDelegate.swift; sourceTree = "<group>"; };
		4B70110D244784B400A73354 /* SceneDelegate.swift */ = {isa = PBXFileReference; lastKnownFileType = sourcecode.swift; path = SceneDelegate.swift; sourceTree = "<group>"; };
		4B70110F244784B400A73354 /* AgendaViewController.swift */ = {isa = PBXFileReference; lastKnownFileType = sourcecode.swift; path = AgendaViewController.swift; sourceTree = "<group>"; };
		4B701115244784B400A73354 /* TomatoTimer2.xcdatamodel */ = {isa = PBXFileReference; lastKnownFileType = wrapper.xcdatamodel; path = TomatoTimer2.xcdatamodel; sourceTree = "<group>"; };
		4B701117244784B500A73354 /* Assets.xcassets */ = {isa = PBXFileReference; lastKnownFileType = folder.assetcatalog; path = Assets.xcassets; sourceTree = "<group>"; };
		4B70111A244784B500A73354 /* Base */ = {isa = PBXFileReference; lastKnownFileType = file.storyboard; name = Base; path = Base.lproj/LaunchScreen.storyboard; sourceTree = "<group>"; };
		4B70111C244784B500A73354 /* Info.plist */ = {isa = PBXFileReference; lastKnownFileType = text.plist.xml; path = Info.plist; sourceTree = "<group>"; };
		4B701121244784B500A73354 /* TomatoTimer2Tests.xctest */ = {isa = PBXFileReference; explicitFileType = wrapper.cfbundle; includeInIndex = 0; path = TomatoTimer2Tests.xctest; sourceTree = BUILT_PRODUCTS_DIR; };
		4B701125244784B500A73354 /* TomatoTimer2Tests.swift */ = {isa = PBXFileReference; lastKnownFileType = sourcecode.swift; path = TomatoTimer2Tests.swift; sourceTree = "<group>"; };
		4B701127244784B500A73354 /* Info.plist */ = {isa = PBXFileReference; lastKnownFileType = text.plist.xml; path = Info.plist; sourceTree = "<group>"; };
		4B70112C244784B500A73354 /* TomatoTimer2UITests.xctest */ = {isa = PBXFileReference; explicitFileType = wrapper.cfbundle; includeInIndex = 0; path = TomatoTimer2UITests.xctest; sourceTree = BUILT_PRODUCTS_DIR; };
		4B701130244784B500A73354 /* TomatoTimer2UITests.swift */ = {isa = PBXFileReference; lastKnownFileType = sourcecode.swift; path = TomatoTimer2UITests.swift; sourceTree = "<group>"; };
		4B701132244784B500A73354 /* Info.plist */ = {isa = PBXFileReference; lastKnownFileType = text.plist.xml; path = Info.plist; sourceTree = "<group>"; };
		4B70113E2447977700A73354 /* Main.storyboard */ = {isa = PBXFileReference; lastKnownFileType = file.storyboard; path = Main.storyboard; sourceTree = "<group>"; };
		4B7011422447ADE500A73354 /* TomatoCell.swift */ = {isa = PBXFileReference; lastKnownFileType = sourcecode.swift; path = TomatoCell.swift; sourceTree = "<group>"; };
		4B7011442447AE5300A73354 /* Tomato.swift */ = {isa = PBXFileReference; lastKnownFileType = sourcecode.swift; path = Tomato.swift; sourceTree = "<group>"; };
		4B856AA62475A3D900E4DC40 /* TomatoDesignerViewController.swift */ = {isa = PBXFileReference; lastKnownFileType = sourcecode.swift; path = TomatoDesignerViewController.swift; sourceTree = "<group>"; };
		4BA2340E249D16EA00A2EECE /* TomatoTimer2.entitlements */ = {isa = PBXFileReference; lastKnownFileType = text.plist.entitlements; path = TomatoTimer2.entitlements; sourceTree = "<group>"; };
		4BA23410249D16F200A2EECE /* CloudKit.framework */ = {isa = PBXFileReference; lastKnownFileType = wrapper.framework; name = CloudKit.framework; path = System/Library/Frameworks/CloudKit.framework; sourceTree = SDKROOT; };
		4BA6D1B924786D030071648E /* TomatoSelectViewController.swift */ = {isa = PBXFileReference; lastKnownFileType = sourcecode.swift; path = TomatoSelectViewController.swift; sourceTree = "<group>"; };
		4BFD8F5D2486F03000C38DBE /* AgendaDesignerViewController.swift */ = {isa = PBXFileReference; lastKnownFileType = sourcecode.swift; path = AgendaDesignerViewController.swift; sourceTree = "<group>"; };
/* End PBXFileReference section */

/* Begin PBXFrameworksBuildPhase section */
		4B701105244784B400A73354 /* Frameworks */ = {
			isa = PBXFrameworksBuildPhase;
			buildActionMask = 2147483647;
			files = (
				4BA23411249D16F200A2EECE /* CloudKit.framework in Frameworks */,
			);
			runOnlyForDeploymentPostprocessing = 0;
		};
		4B70111E244784B500A73354 /* Frameworks */ = {
			isa = PBXFrameworksBuildPhase;
			buildActionMask = 2147483647;
			files = (
			);
			runOnlyForDeploymentPostprocessing = 0;
		};
		4B701129244784B500A73354 /* Frameworks */ = {
			isa = PBXFrameworksBuildPhase;
			buildActionMask = 2147483647;
			files = (
			);
			runOnlyForDeploymentPostprocessing = 0;
		};
/* End PBXFrameworksBuildPhase section */

/* Begin PBXGroup section */
		4B7010FF244784B400A73354 = {
			isa = PBXGroup;
			children = (
				4B70110A244784B400A73354 /* TomatoTimer2 */,
				4B701124244784B500A73354 /* TomatoTimer2Tests */,
				4B70112F244784B500A73354 /* TomatoTimer2UITests */,
				4B701109244784B400A73354 /* Products */,
				4BA2340F249D16F200A2EECE /* Frameworks */,
			);
			sourceTree = "<group>";
		};
		4B701109244784B400A73354 /* Products */ = {
			isa = PBXGroup;
			children = (
				4B701108244784B400A73354 /* TomatoTimer2.app */,
				4B701121244784B500A73354 /* TomatoTimer2Tests.xctest */,
				4B70112C244784B500A73354 /* TomatoTimer2UITests.xctest */,
			);
			name = Products;
			sourceTree = "<group>";
		};
		4B70110A244784B400A73354 /* TomatoTimer2 */ = {
			isa = PBXGroup;
			children = (
				4BA2340E249D16EA00A2EECE /* TomatoTimer2.entitlements */,
				4B70110B244784B400A73354 /* AppDelegate.swift */,
				4B70110D244784B400A73354 /* SceneDelegate.swift */,
				4B70110F244784B400A73354 /* AgendaViewController.swift */,
				4B7011422447ADE500A73354 /* TomatoCell.swift */,
				4B7011442447AE5300A73354 /* Tomato.swift */,
				4B701117244784B500A73354 /* Assets.xcassets */,
				4B70111C244784B500A73354 /* Info.plist */,
				4B701114244784B400A73354 /* TomatoTimer2.xcdatamodeld */,
				4B70113E2447977700A73354 /* Main.storyboard */,
				4B701119244784B500A73354 /* LaunchScreen.storyboard */,
				4B856AA62475A3D900E4DC40 /* TomatoDesignerViewController.swift */,
				4BA6D1B924786D030071648E /* TomatoSelectViewController.swift */,
				4BFD8F5D2486F03000C38DBE /* AgendaDesignerViewController.swift */,
				4B145B2524A113ED00A00F63 /* TaskElement.swift */,
				4B6D09BB24A2569F00340783 /* ItemDisplayViewController.swift */,
				4B6D09BD24A445A900340783 /* TaskHandler.swift */,
			);
			path = TomatoTimer2;
			sourceTree = "<group>";
		};
		4B701124244784B500A73354 /* TomatoTimer2Tests */ = {
			isa = PBXGroup;
			children = (
				4B701125244784B500A73354 /* TomatoTimer2Tests.swift */,
				4B701127244784B500A73354 /* Info.plist */,
			);
			path = TomatoTimer2Tests;
			sourceTree = "<group>";
		};
		4B70112F244784B500A73354 /* TomatoTimer2UITests */ = {
			isa = PBXGroup;
			children = (
				4B701130244784B500A73354 /* TomatoTimer2UITests.swift */,
				4B701132244784B500A73354 /* Info.plist */,
			);
			path = TomatoTimer2UITests;
			sourceTree = "<group>";
		};
		4BA2340F249D16F200A2EECE /* Frameworks */ = {
			isa = PBXGroup;
			children = (
				4BA23410249D16F200A2EECE /* CloudKit.framework */,
			);
			name = Frameworks;
			sourceTree = "<group>";
		};
/* End PBXGroup section */

/* Begin PBXNativeTarget section */
		4B701107244784B400A73354 /* TomatoTimer2 */ = {
			isa = PBXNativeTarget;
			buildConfigurationList = 4B701135244784B500A73354 /* Build configuration list for PBXNativeTarget "TomatoTimer2" */;
			buildPhases = (
				4B701104244784B400A73354 /* Sources */,
				4B701105244784B400A73354 /* Frameworks */,
				4B701106244784B400A73354 /* Resources */,
			);
			buildRules = (
			);
			dependencies = (
			);
			name = TomatoTimer2;
			productName = TomatoTimer2;
			productReference = 4B701108244784B400A73354 /* TomatoTimer2.app */;
			productType = "com.apple.product-type.application";
		};
		4B701120244784B500A73354 /* TomatoTimer2Tests */ = {
			isa = PBXNativeTarget;
			buildConfigurationList = 4B701138244784B500A73354 /* Build configuration list for PBXNativeTarget "TomatoTimer2Tests" */;
			buildPhases = (
				4B70111D244784B500A73354 /* Sources */,
				4B70111E244784B500A73354 /* Frameworks */,
				4B70111F244784B500A73354 /* Resources */,
			);
			buildRules = (
			);
			dependencies = (
				4B701123244784B500A73354 /* PBXTargetDependency */,
			);
			name = TomatoTimer2Tests;
			productName = TomatoTimer2Tests;
			productReference = 4B701121244784B500A73354 /* TomatoTimer2Tests.xctest */;
			productType = "com.apple.product-type.bundle.unit-test";
		};
		4B70112B244784B500A73354 /* TomatoTimer2UITests */ = {
			isa = PBXNativeTarget;
			buildConfigurationList = 4B70113B244784B500A73354 /* Build configuration list for PBXNativeTarget "TomatoTimer2UITests" */;
			buildPhases = (
				4B701128244784B500A73354 /* Sources */,
				4B701129244784B500A73354 /* Frameworks */,
				4B70112A244784B500A73354 /* Resources */,
			);
			buildRules = (
			);
			dependencies = (
				4B70112E244784B500A73354 /* PBXTargetDependency */,
			);
			name = TomatoTimer2UITests;
			productName = TomatoTimer2UITests;
			productReference = 4B70112C244784B500A73354 /* TomatoTimer2UITests.xctest */;
			productType = "com.apple.product-type.bundle.ui-testing";
		};
/* End PBXNativeTarget section */

/* Begin PBXProject section */
		4B701100244784B400A73354 /* Project object */ = {
			isa = PBXProject;
			attributes = {
				KnownAssetTags = (
					New,
				);
				LastSwiftUpdateCheck = 1130;
				LastUpgradeCheck = 1130;
				ORGANIZATIONNAME = "jonah wilmsmeyer";
				TargetAttributes = {
					4B701107244784B400A73354 = {
						CreatedOnToolsVersion = 11.3.1;
					};
					4B701120244784B500A73354 = {
						CreatedOnToolsVersion = 11.3.1;
						TestTargetID = 4B701107244784B400A73354;
					};
					4B70112B244784B500A73354 = {
						CreatedOnToolsVersion = 11.3.1;
						TestTargetID = 4B701107244784B400A73354;
					};
				};
			};
			buildConfigurationList = 4B701103244784B400A73354 /* Build configuration list for PBXProject "TomatoTimer2" */;
			compatibilityVersion = "Xcode 9.3";
			developmentRegion = en;
			hasScannedForEncodings = 0;
			knownRegions = (
				en,
				Base,
			);
			mainGroup = 4B7010FF244784B400A73354;
			productRefGroup = 4B701109244784B400A73354 /* Products */;
			projectDirPath = "";
			projectRoot = "";
			targets = (
				4B701107244784B400A73354 /* TomatoTimer2 */,
				4B701120244784B500A73354 /* TomatoTimer2Tests */,
				4B70112B244784B500A73354 /* TomatoTimer2UITests */,
			);
		};
/* End PBXProject section */

/* Begin PBXResourcesBuildPhase section */
		4B701106244784B400A73354 /* Resources */ = {
			isa = PBXResourcesBuildPhase;
			buildActionMask = 2147483647;
			files = (
				4B70113F2447977700A73354 /* Main.storyboard in Resources */,
				4B70111B244784B500A73354 /* LaunchScreen.storyboard in Resources */,
				4B701118244784B500A73354 /* Assets.xcassets in Resources */,
			);
			runOnlyForDeploymentPostprocessing = 0;
		};
		4B70111F244784B500A73354 /* Resources */ = {
			isa = PBXResourcesBuildPhase;
			buildActionMask = 2147483647;
			files = (
			);
			runOnlyForDeploymentPostprocessing = 0;
		};
		4B70112A244784B500A73354 /* Resources */ = {
			isa = PBXResourcesBuildPhase;
			buildActionMask = 2147483647;
			files = (
			);
			runOnlyForDeploymentPostprocessing = 0;
		};
/* End PBXResourcesBuildPhase section */

/* Begin PBXSourcesBuildPhase section */
		4B701104244784B400A73354 /* Sources */ = {
			isa = PBXSourcesBuildPhase;
			buildActionMask = 2147483647;
			files = (
				4B701116244784B400A73354 /* TomatoTimer2.xcdatamodeld in Sources */,
				4B145B2624A113ED00A00F63 /* TaskElement.swift in Sources */,
				4B7011452447AE5300A73354 /* Tomato.swift in Sources */,
				4B6D09BC24A2569F00340783 /* ItemDisplayViewController.swift in Sources */,
				4B856AA72475A3D900E4DC40 /* TomatoDesignerViewController.swift in Sources */,
				4B6D09BE24A445A900340783 /* TaskHandler.swift in Sources */,
				4BFD8F5E2486F03000C38DBE /* AgendaDesignerViewController.swift in Sources */,
				4B7011432447ADE500A73354 /* TomatoCell.swift in Sources */,
				4BA6D1BA24786D030071648E /* TomatoSelectViewController.swift in Sources */,
				4B701110244784B400A73354 /* AgendaViewController.swift in Sources */,
				4B70110C244784B400A73354 /* AppDelegate.swift in Sources */,
				4B70110E244784B400A73354 /* SceneDelegate.swift in Sources */,
			);
			runOnlyForDeploymentPostprocessing = 0;
		};
		4B70111D244784B500A73354 /* Sources */ = {
			isa = PBXSourcesBuildPhase;
			buildActionMask = 2147483647;
			files = (
				4B701126244784B500A73354 /* TomatoTimer2Tests.swift in Sources */,
			);
			runOnlyForDeploymentPostprocessing = 0;
		};
		4B701128244784B500A73354 /* Sources */ = {
			isa = PBXSourcesBuildPhase;
			buildActionMask = 2147483647;
			files = (
				4B701131244784B500A73354 /* TomatoTimer2UITests.swift in Sources */,
			);
			runOnlyForDeploymentPostprocessing = 0;
		};
/* End PBXSourcesBuildPhase section */

/* Begin PBXTargetDependency section */
		4B701123244784B500A73354 /* PBXTargetDependency */ = {
			isa = PBXTargetDependency;
			target = 4B701107244784B400A73354 /* TomatoTimer2 */;
			targetProxy = 4B701122244784B500A73354 /* PBXContainerItemProxy */;
		};
		4B70112E244784B500A73354 /* PBXTargetDependency */ = {
			isa = PBXTargetDependency;
			target = 4B701107244784B400A73354 /* TomatoTimer2 */;
			targetProxy = 4B70112D244784B500A73354 /* PBXContainerItemProxy */;
		};
/* End PBXTargetDependency section */

/* Begin PBXVariantGroup section */
		4B701119244784B500A73354 /* LaunchScreen.storyboard */ = {
			isa = PBXVariantGroup;
			children = (
				4B70111A244784B500A73354 /* Base */,
			);
			name = LaunchScreen.storyboard;
			sourceTree = "<group>";
		};
/* End PBXVariantGroup section */

/* Begin XCBuildConfiguration section */
		4B701133244784B500A73354 /* Debug */ = {
			isa = XCBuildConfiguration;
			buildSettings = {
				ALWAYS_SEARCH_USER_PATHS = NO;
				CLANG_ANALYZER_NONNULL = YES;
				CLANG_ANALYZER_NUMBER_OBJECT_CONVERSION = YES_AGGRESSIVE;
				CLANG_CXX_LANGUAGE_STANDARD = "gnu++14";
				CLANG_CXX_LIBRARY = "libc++";
				CLANG_ENABLE_MODULES = YES;
				CLANG_ENABLE_OBJC_ARC = YES;
				CLANG_ENABLE_OBJC_WEAK = YES;
				CLANG_WARN_BLOCK_CAPTURE_AUTORELEASING = YES;
				CLANG_WARN_BOOL_CONVERSION = YES;
				CLANG_WARN_COMMA = YES;
				CLANG_WARN_CONSTANT_CONVERSION = YES;
				CLANG_WARN_DEPRECATED_OBJC_IMPLEMENTATIONS = YES;
				CLANG_WARN_DIRECT_OBJC_ISA_USAGE = YES_ERROR;
				CLANG_WARN_DOCUMENTATION_COMMENTS = YES;
				CLANG_WARN_EMPTY_BODY = YES;
				CLANG_WARN_ENUM_CONVERSION = YES;
				CLANG_WARN_INFINITE_RECURSION = YES;
				CLANG_WARN_INT_CONVERSION = YES;
				CLANG_WARN_NON_LITERAL_NULL_CONVERSION = YES;
				CLANG_WARN_OBJC_IMPLICIT_RETAIN_SELF = YES;
				CLANG_WARN_OBJC_LITERAL_CONVERSION = YES;
				CLANG_WARN_OBJC_ROOT_CLASS = YES_ERROR;
				CLANG_WARN_RANGE_LOOP_ANALYSIS = YES;
				CLANG_WARN_STRICT_PROTOTYPES = YES;
				CLANG_WARN_SUSPICIOUS_MOVE = YES;
				CLANG_WARN_UNGUARDED_AVAILABILITY = YES_AGGRESSIVE;
				CLANG_WARN_UNREACHABLE_CODE = YES;
				CLANG_WARN__DUPLICATE_METHOD_MATCH = YES;
				COPY_PHASE_STRIP = NO;
				DEBUG_INFORMATION_FORMAT = dwarf;
				ENABLE_STRICT_OBJC_MSGSEND = YES;
				ENABLE_TESTABILITY = YES;
				GCC_C_LANGUAGE_STANDARD = gnu11;
				GCC_DYNAMIC_NO_PIC = NO;
				GCC_NO_COMMON_BLOCKS = YES;
				GCC_OPTIMIZATION_LEVEL = 0;
				GCC_PREPROCESSOR_DEFINITIONS = (
					"DEBUG=1",
					"$(inherited)",
				);
				GCC_WARN_64_TO_32_BIT_CONVERSION = YES;
				GCC_WARN_ABOUT_RETURN_TYPE = YES_ERROR;
				GCC_WARN_UNDECLARED_SELECTOR = YES;
				GCC_WARN_UNINITIALIZED_AUTOS = YES_AGGRESSIVE;
				GCC_WARN_UNUSED_FUNCTION = YES;
				GCC_WARN_UNUSED_VARIABLE = YES;
				IPHONEOS_DEPLOYMENT_TARGET = 13.2;
				MTL_ENABLE_DEBUG_INFO = INCLUDE_SOURCE;
				MTL_FAST_MATH = YES;
				ONLY_ACTIVE_ARCH = YES;
				SDKROOT = iphoneos;
				SWIFT_ACTIVE_COMPILATION_CONDITIONS = DEBUG;
				SWIFT_OPTIMIZATION_LEVEL = "-Onone";
			};
			name = Debug;
		};
		4B701134244784B500A73354 /* Release */ = {
			isa = XCBuildConfiguration;
			buildSettings = {
				ALWAYS_SEARCH_USER_PATHS = NO;
				CLANG_ANALYZER_NONNULL = YES;
				CLANG_ANALYZER_NUMBER_OBJECT_CONVERSION = YES_AGGRESSIVE;
				CLANG_CXX_LANGUAGE_STANDARD = "gnu++14";
				CLANG_CXX_LIBRARY = "libc++";
				CLANG_ENABLE_MODULES = YES;
				CLANG_ENABLE_OBJC_ARC = YES;
				CLANG_ENABLE_OBJC_WEAK = YES;
				CLANG_WARN_BLOCK_CAPTURE_AUTORELEASING = YES;
				CLANG_WARN_BOOL_CONVERSION = YES;
				CLANG_WARN_COMMA = YES;
				CLANG_WARN_CONSTANT_CONVERSION = YES;
				CLANG_WARN_DEPRECATED_OBJC_IMPLEMENTATIONS = YES;
				CLANG_WARN_DIRECT_OBJC_ISA_USAGE = YES_ERROR;
				CLANG_WARN_DOCUMENTATION_COMMENTS = YES;
				CLANG_WARN_EMPTY_BODY = YES;
				CLANG_WARN_ENUM_CONVERSION = YES;
				CLANG_WARN_INFINITE_RECURSION = YES;
				CLANG_WARN_INT_CONVERSION = YES;
				CLANG_WARN_NON_LITERAL_NULL_CONVERSION = YES;
				CLANG_WARN_OBJC_IMPLICIT_RETAIN_SELF = YES;
				CLANG_WARN_OBJC_LITERAL_CONVERSION = YES;
				CLANG_WARN_OBJC_ROOT_CLASS = YES_ERROR;
				CLANG_WARN_RANGE_LOOP_ANALYSIS = YES;
				CLANG_WARN_STRICT_PROTOTYPES = YES;
				CLANG_WARN_SUSPICIOUS_MOVE = YES;
				CLANG_WARN_UNGUARDED_AVAILABILITY = YES_AGGRESSIVE;
				CLANG_WARN_UNREACHABLE_CODE = YES;
				CLANG_WARN__DUPLICATE_METHOD_MATCH = YES;
				COPY_PHASE_STRIP = NO;
				DEBUG_INFORMATION_FORMAT = "dwarf-with-dsym";
				ENABLE_NS_ASSERTIONS = NO;
				ENABLE_STRICT_OBJC_MSGSEND = YES;
				GCC_C_LANGUAGE_STANDARD = gnu11;
				GCC_NO_COMMON_BLOCKS = YES;
				GCC_WARN_64_TO_32_BIT_CONVERSION = YES;
				GCC_WARN_ABOUT_RETURN_TYPE = YES_ERROR;
				GCC_WARN_UNDECLARED_SELECTOR = YES;
				GCC_WARN_UNINITIALIZED_AUTOS = YES_AGGRESSIVE;
				GCC_WARN_UNUSED_FUNCTION = YES;
				GCC_WARN_UNUSED_VARIABLE = YES;
				IPHONEOS_DEPLOYMENT_TARGET = 13.2;
				MTL_ENABLE_DEBUG_INFO = NO;
				MTL_FAST_MATH = YES;
				SDKROOT = iphoneos;
				SWIFT_COMPILATION_MODE = wholemodule;
				SWIFT_OPTIMIZATION_LEVEL = "-O";
				VALIDATE_PRODUCT = YES;
			};
			name = Release;
		};
		4B701136244784B500A73354 /* Debug */ = {
			isa = XCBuildConfiguration;
			buildSettings = {
				ASSETCATALOG_COMPILER_APPICON_NAME = AppIcon;
				CODE_SIGN_ENTITLEMENTS = TomatoTimer2/TomatoTimer2.entitlements;
				CODE_SIGN_STYLE = Automatic;
				DEVELOPMENT_TEAM = H3JVQJ64L6;
				INFOPLIST_FILE = TomatoTimer2/Info.plist;
				LD_RUNPATH_SEARCH_PATHS = (
					"$(inherited)",
					"@executable_path/Frameworks",
				);
				PRODUCT_BUNDLE_IDENTIFIER = jpw.TomatoTimer2;
				PRODUCT_NAME = "$(TARGET_NAME)";
				SWIFT_VERSION = 5.0;
				TARGETED_DEVICE_FAMILY = "1,2";
			};
			name = Debug;
		};
		4B701137244784B500A73354 /* Release */ = {
			isa = XCBuildConfiguration;
			buildSettings = {
				ASSETCATALOG_COMPILER_APPICON_NAME = AppIcon;
				CODE_SIGN_ENTITLEMENTS = TomatoTimer2/TomatoTimer2.entitlements;
				CODE_SIGN_STYLE = Automatic;
				DEVELOPMENT_TEAM = "";
				INFOPLIST_FILE = TomatoTimer2/Info.plist;
				LD_RUNPATH_SEARCH_PATHS = (
					"$(inherited)",
					"@executable_path/Frameworks",
				);
				PRODUCT_BUNDLE_IDENTIFIER = jpw.TomatoTimer2;
				PRODUCT_NAME = "$(TARGET_NAME)";
				SWIFT_VERSION = 5.0;
				TARGETED_DEVICE_FAMILY = "1,2";
			};
			name = Release;
		};
		4B701139244784B500A73354 /* Debug */ = {
			isa = XCBuildConfiguration;
			buildSettings = {
				ALWAYS_EMBED_SWIFT_STANDARD_LIBRARIES = YES;
				BUNDLE_LOADER = "$(TEST_HOST)";
				CODE_SIGN_STYLE = Automatic;
				INFOPLIST_FILE = TomatoTimer2Tests/Info.plist;
				IPHONEOS_DEPLOYMENT_TARGET = 13.2;
				LD_RUNPATH_SEARCH_PATHS = (
					"$(inherited)",
					"@executable_path/Frameworks",
					"@loader_path/Frameworks",
				);
				PRODUCT_BUNDLE_IDENTIFIER = jpw.TomatoTimer2Tests;
				PRODUCT_NAME = "$(TARGET_NAME)";
				SWIFT_VERSION = 5.0;
				TARGETED_DEVICE_FAMILY = "1,2";
				TEST_HOST = "$(BUILT_PRODUCTS_DIR)/TomatoTimer2.app/TomatoTimer2";
			};
			name = Debug;
		};
		4B70113A244784B500A73354 /* Release */ = {
			isa = XCBuildConfiguration;
			buildSettings = {
				ALWAYS_EMBED_SWIFT_STANDARD_LIBRARIES = YES;
				BUNDLE_LOADER = "$(TEST_HOST)";
				CODE_SIGN_STYLE = Automatic;
				INFOPLIST_FILE = TomatoTimer2Tests/Info.plist;
				IPHONEOS_DEPLOYMENT_TARGET = 13.2;
				LD_RUNPATH_SEARCH_PATHS = (
					"$(inherited)",
					"@executable_path/Frameworks",
					"@loader_path/Frameworks",
				);
				PRODUCT_BUNDLE_IDENTIFIER = jpw.TomatoTimer2Tests;
				PRODUCT_NAME = "$(TARGET_NAME)";
				SWIFT_VERSION = 5.0;
				TARGETED_DEVICE_FAMILY = "1,2";
				TEST_HOST = "$(BUILT_PRODUCTS_DIR)/TomatoTimer2.app/TomatoTimer2";
			};
			name = Release;
		};
		4B70113C244784B500A73354 /* Debug */ = {
			isa = XCBuildConfiguration;
			buildSettings = {
				ALWAYS_EMBED_SWIFT_STANDARD_LIBRARIES = YES;
				CODE_SIGN_STYLE = Automatic;
				INFOPLIST_FILE = TomatoTimer2UITests/Info.plist;
				LD_RUNPATH_SEARCH_PATHS = (
					"$(inherited)",
					"@executable_path/Frameworks",
					"@loader_path/Frameworks",
				);
				PRODUCT_BUNDLE_IDENTIFIER = jpw.TomatoTimer2UITests;
				PRODUCT_NAME = "$(TARGET_NAME)";
				SWIFT_VERSION = 5.0;
				TARGETED_DEVICE_FAMILY = "1,2";
				TEST_TARGET_NAME = TomatoTimer2;
			};
			name = Debug;
		};
		4B70113D244784B500A73354 /* Release */ = {
			isa = XCBuildConfiguration;
			buildSettings = {
				ALWAYS_EMBED_SWIFT_STANDARD_LIBRARIES = YES;
				CODE_SIGN_STYLE = Automatic;
				INFOPLIST_FILE = TomatoTimer2UITests/Info.plist;
				LD_RUNPATH_SEARCH_PATHS = (
					"$(inherited)",
					"@executable_path/Frameworks",
					"@loader_path/Frameworks",
				);
				PRODUCT_BUNDLE_IDENTIFIER = jpw.TomatoTimer2UITests;
				PRODUCT_NAME = "$(TARGET_NAME)";
				SWIFT_VERSION = 5.0;
				TARGETED_DEVICE_FAMILY = "1,2";
				TEST_TARGET_NAME = TomatoTimer2;
			};
			name = Release;
		};
/* End XCBuildConfiguration section */

/* Begin XCConfigurationList section */
		4B701103244784B400A73354 /* Build configuration list for PBXProject "TomatoTimer2" */ = {
			isa = XCConfigurationList;
			buildConfigurations = (
				4B701133244784B500A73354 /* Debug */,
				4B701134244784B500A73354 /* Release */,
			);
			defaultConfigurationIsVisible = 0;
			defaultConfigurationName = Release;
		};
		4B701135244784B500A73354 /* Build configuration list for PBXNativeTarget "TomatoTimer2" */ = {
			isa = XCConfigurationList;
			buildConfigurations = (
				4B701136244784B500A73354 /* Debug */,
				4B701137244784B500A73354 /* Release */,
			);
			defaultConfigurationIsVisible = 0;
			defaultConfigurationName = Release;
		};
		4B701138244784B500A73354 /* Build configuration list for PBXNativeTarget "TomatoTimer2Tests" */ = {
			isa = XCConfigurationList;
			buildConfigurations = (
				4B701139244784B500A73354 /* Debug */,
				4B70113A244784B500A73354 /* Release */,
			);
			defaultConfigurationIsVisible = 0;
			defaultConfigurationName = Release;
		};
		4B70113B244784B500A73354 /* Build configuration list for PBXNativeTarget "TomatoTimer2UITests" */ = {
			isa = XCConfigurationList;
			buildConfigurations = (
				4B70113C244784B500A73354 /* Debug */,
				4B70113D244784B500A73354 /* Release */,
			);
			defaultConfigurationIsVisible = 0;
			defaultConfigurationName = Release;
		};
/* End XCConfigurationList section */

/* Begin XCVersionGroup section */
		4B701114244784B400A73354 /* TomatoTimer2.xcdatamodeld */ = {
			isa = XCVersionGroup;
			children = (
				4B701115244784B400A73354 /* TomatoTimer2.xcdatamodel */,
			);
			currentVersion = 4B701115244784B400A73354 /* TomatoTimer2.xcdatamodel */;
			path = TomatoTimer2.xcdatamodeld;
			sourceTree = "<group>";
			versionGroupType = wrapper.xcdatamodel;
		};
/* End XCVersionGroup section */
	};
	rootObject = 4B701100244784B400A73354 /* Project object */;
}
